
Microsoft Visual Studio Solution File, Format Version 12.00
# Visual Studio 15
VisualStudioVersion = 15.0.28307.136
MinimumVisualStudioVersion = 10.0.40219.1
Project("{FAE04EC0-301F-11D3-BF4B-00C04F79EFBC}") = "ApplicationShop", "ApplicationShop\ApplicationShop.csproj", "{81F7ED1B-202B-4387-88D5-513D6E1A3440}"
EndProject
Global
	GlobalSection(SolutionConfigurationPlatforms) = preSolution
		Debug|Any CPU = Debug|Any CPU
		Release|Any CPU = Release|Any CPU
	EndGlobalSection
	GlobalSection(ProjectConfigurationPlatforms) = postSolution
		{81F7ED1B-202B-4387-88D5-513D6E1A3440}.Debug|Any CPU.ActiveCfg = Debug|Any CPU
		{81F7ED1B-202B-4387-88D5-513D6E1A3440}.Debug|Any CPU.Build.0 = Debug|Any CPU
		{81F7ED1B-202B-4387-88D5-513D6E1A3440}.Release|Any CPU.ActiveCfg = Release|Any CPU
		{81F7ED1B-202B-4387-88D5-513D6E1A3440}.Release|Any CPU.Build.0 = Release|Any CPU
	EndGlobalSection
	GlobalSection(SolutionProperties) = preSolution
		HideSolutionNode = FALSE
	EndGlobalSection
	GlobalSection(ExtensibilityGlobals) = postSolution
		SolutionGuid = {3F583436-BC1F-45F9-B8CC-39A5B5D8007F}
	EndGlobalSection
EndGlobal
